// !$*UTF8*$!
{
	archiveVersion = 1;
	classes = {
	};
	objectVersion = 56;
	objects = {

/* Begin PBXBuildFile section */
		9D3457382B570ECF003D7F16 /* ChatLogViewModel.swift in Sources */ = {isa = PBXBuildFile; fileRef = 9D3457372B570ECF003D7F16 /* ChatLogViewModel.swift */; };
		9D34573A2B580419003D7F16 /* RecentMessage.swift in Sources */ = {isa = PBXBuildFile; fileRef = 9D3457392B580419003D7F16 /* RecentMessage.swift */; };
		9D3C5EC52B555A8C00679EC2 /* CreateNewMsg.swift in Sources */ = {isa = PBXBuildFile; fileRef = 9D3C5EC42B555A8C00679EC2 /* CreateNewMsg.swift */; };
		9D3C5EC72B55608900679EC2 /* ChatUser.swift in Sources */ = {isa = PBXBuildFile; fileRef = 9D3C5EC62B55608900679EC2 /* ChatUser.swift */; };
		9D3C5ECA2B55AC2E00679EC2 /* ChatLogView.swift in Sources */ = {isa = PBXBuildFile; fileRef = 9D3C5EC92B55AC2E00679EC2 /* ChatLogView.swift */; };
		9D3C5ECC2B55ADAC00679EC2 /* NewMsgButton.swift in Sources */ = {isa = PBXBuildFile; fileRef = 9D3C5ECB2B55ADAC00679EC2 /* NewMsgButton.swift */; };
		9D5BBE052BD84719002DBF26 /* Auth in Frameworks */ = {isa = PBXBuildFile; productRef = 9D5BBE042BD84719002DBF26 /* Auth */; };
		9D5BBE072BD84719002DBF26 /* Functions in Frameworks */ = {isa = PBXBuildFile; productRef = 9D5BBE062BD84719002DBF26 /* Functions */; };
		9D5BBE092BD84719002DBF26 /* PostgREST in Frameworks */ = {isa = PBXBuildFile; productRef = 9D5BBE082BD84719002DBF26 /* PostgREST */; };
		9D5BBE0B2BD84719002DBF26 /* Realtime in Frameworks */ = {isa = PBXBuildFile; productRef = 9D5BBE0A2BD84719002DBF26 /* Realtime */; };
		9D5BBE0D2BD84719002DBF26 /* Storage in Frameworks */ = {isa = PBXBuildFile; productRef = 9D5BBE0C2BD84719002DBF26 /* Storage */; };
		9D5BBE0F2BD848BD002DBF26 /* SupabaseManager.swift in Sources */ = {isa = PBXBuildFile; fileRef = 9D5BBE0E2BD848BD002DBF26 /* SupabaseManager.swift */; };
		9D5BBE112BD84B0C002DBF26 /* Supabase in Frameworks */ = {isa = PBXBuildFile; productRef = 9D5BBE102BD84B0C002DBF26 /* Supabase */; };
		9DADA7962B545F0600F3FB17 /* iChatApp.swift in Sources */ = {isa = PBXBuildFile; fileRef = 9DADA7952B545F0600F3FB17 /* iChatApp.swift */; };
		9DADA7982B545F0600F3FB17 /* Welcomepage.swift in Sources */ = {isa = PBXBuildFile; fileRef = 9DADA7972B545F0600F3FB17 /* Welcomepage.swift */; };
		9DADA79A2B545F0700F3FB17 /* Assets.xcassets in Resources */ = {isa = PBXBuildFile; fileRef = 9DADA7992B545F0700F3FB17 /* Assets.xcassets */; };
		9DADA79E2B545F0700F3FB17 /* Preview Assets.xcassets in Resources */ = {isa = PBXBuildFile; fileRef = 9DADA79D2B545F0700F3FB17 /* Preview Assets.xcassets */; };
		9DADA7A82B545F0700F3FB17 /* iChatTests.swift in Sources */ = {isa = PBXBuildFile; fileRef = 9DADA7A72B545F0700F3FB17 /* iChatTests.swift */; };
		9DADA7B22B545F0700F3FB17 /* iChatUITests.swift in Sources */ = {isa = PBXBuildFile; fileRef = 9DADA7B12B545F0700F3FB17 /* iChatUITests.swift */; };
		9DADA7B42B545F0700F3FB17 /* iChatUITestsLaunchTests.swift in Sources */ = {isa = PBXBuildFile; fileRef = 9DADA7B32B545F0700F3FB17 /* iChatUITestsLaunchTests.swift */; };
		9DADA7C12B54634B00F3FB17 /* RegisterView.swift in Sources */ = {isa = PBXBuildFile; fileRef = 9DADA7C02B54634B00F3FB17 /* RegisterView.swift */; };
		9DADA7C32B54639100F3FB17 /* LoginView.swift in Sources */ = {isa = PBXBuildFile; fileRef = 9DADA7C22B54639100F3FB17 /* LoginView.swift */; };
		9DADA7C52B54740700F3FB17 /* GoogleService-Info.plist in Resources */ = {isa = PBXBuildFile; fileRef = 9DADA7C42B54740700F3FB17 /* GoogleService-Info.plist */; };
		9DADA7CC2B54829100F3FB17 /* ImagePicker.swift in Sources */ = {isa = PBXBuildFile; fileRef = 9DADA7CB2B54829100F3FB17 /* ImagePicker.swift */; };
		9DB5EFF22BDCF17500B0758D /* ProfileInputView.swift in Sources */ = {isa = PBXBuildFile; fileRef = 9DB5EFF12BDCF17500B0758D /* ProfileInputView.swift */; };
		9DC06EFD2B54F65F00EB6352 /* FirebaseAuth in Frameworks */ = {isa = PBXBuildFile; productRef = 9DC06EFC2B54F65F00EB6352 /* FirebaseAuth */; };
		9DC06EFF2B54F65F00EB6352 /* FirebaseDatabase in Frameworks */ = {isa = PBXBuildFile; productRef = 9DC06EFE2B54F65F00EB6352 /* FirebaseDatabase */; };
		9DC06F012B54F65F00EB6352 /* FirebaseFirestore in Frameworks */ = {isa = PBXBuildFile; productRef = 9DC06F002B54F65F00EB6352 /* FirebaseFirestore */; };
		9DC06F032B54F65F00EB6352 /* FirebaseStorage in Frameworks */ = {isa = PBXBuildFile; productRef = 9DC06F022B54F65F00EB6352 /* FirebaseStorage */; };
		9DC06F052B54FE1400EB6352 /* FirebaseManager.swift in Sources */ = {isa = PBXBuildFile; fileRef = 9DC06F042B54FE1400EB6352 /* FirebaseManager.swift */; };
		9DC06F082B55050500EB6352 /* MainMessageView.swift in Sources */ = {isa = PBXBuildFile; fileRef = 9DC06F072B55050500EB6352 /* MainMessageView.swift */; };
		9DC06F0A2B55140500EB6352 /* NavBar.swift in Sources */ = {isa = PBXBuildFile; fileRef = 9DC06F092B55140500EB6352 /* NavBar.swift */; };
		9DC06F0D2B552B1700EB6352 /* SDWebImageSwiftUI in Frameworks */ = {isa = PBXBuildFile; productRef = 9DC06F0C2B552B1700EB6352 /* SDWebImageSwiftUI */; };
/* End PBXBuildFile section */

/* Begin PBXContainerItemProxy section */
		9DADA7A42B545F0700F3FB17 /* PBXContainerItemProxy */ = {
			isa = PBXContainerItemProxy;
			containerPortal = 9DADA78A2B545F0600F3FB17 /* Project object */;
			proxyType = 1;
			remoteGlobalIDString = 9DADA7912B545F0600F3FB17;
			remoteInfo = iChat;
		};
		9DADA7AE2B545F0700F3FB17 /* PBXContainerItemProxy */ = {
			isa = PBXContainerItemProxy;
			containerPortal = 9DADA78A2B545F0600F3FB17 /* Project object */;
			proxyType = 1;
			remoteGlobalIDString = 9DADA7912B545F0600F3FB17;
			remoteInfo = iChat;
		};
/* End PBXContainerItemProxy section */

/* Begin PBXFileReference section */
		9D3457372B570ECF003D7F16 /* ChatLogViewModel.swift */ = {isa = PBXFileReference; lastKnownFileType = sourcecode.swift; path = ChatLogViewModel.swift; sourceTree = "<group>"; };
		9D3457392B580419003D7F16 /* RecentMessage.swift */ = {isa = PBXFileReference; lastKnownFileType = sourcecode.swift; path = RecentMessage.swift; sourceTree = "<group>"; };
		9D3C5EC42B555A8C00679EC2 /* CreateNewMsg.swift */ = {isa = PBXFileReference; lastKnownFileType = sourcecode.swift; path = CreateNewMsg.swift; sourceTree = "<group>"; };
		9D3C5EC62B55608900679EC2 /* ChatUser.swift */ = {isa = PBXFileReference; lastKnownFileType = sourcecode.swift; path = ChatUser.swift; sourceTree = "<group>"; };
		9D3C5EC92B55AC2E00679EC2 /* ChatLogView.swift */ = {isa = PBXFileReference; lastKnownFileType = sourcecode.swift; path = ChatLogView.swift; sourceTree = "<group>"; };
		9D3C5ECB2B55ADAC00679EC2 /* NewMsgButton.swift */ = {isa = PBXFileReference; lastKnownFileType = sourcecode.swift; path = NewMsgButton.swift; sourceTree = "<group>"; };
		9D5BBE0E2BD848BD002DBF26 /* SupabaseManager.swift */ = {isa = PBXFileReference; lastKnownFileType = sourcecode.swift; path = SupabaseManager.swift; sourceTree = "<group>"; };
		9DADA7922B545F0600F3FB17 /* iChat.app */ = {isa = PBXFileReference; explicitFileType = wrapper.application; includeInIndex = 0; path = iChat.app; sourceTree = BUILT_PRODUCTS_DIR; };
		9DADA7952B545F0600F3FB17 /* iChatApp.swift */ = {isa = PBXFileReference; lastKnownFileType = sourcecode.swift; path = iChatApp.swift; sourceTree = "<group>"; };
		9DADA7972B545F0600F3FB17 /* Welcomepage.swift */ = {isa = PBXFileReference; lastKnownFileType = sourcecode.swift; path = Welcomepage.swift; sourceTree = "<group>"; };
		9DADA7992B545F0700F3FB17 /* Assets.xcassets */ = {isa = PBXFileReference; lastKnownFileType = folder.assetcatalog; path = Assets.xcassets; sourceTree = "<group>"; };
		9DADA79B2B545F0700F3FB17 /* iChat.entitlements */ = {isa = PBXFileReference; lastKnownFileType = text.plist.entitlements; path = iChat.entitlements; sourceTree = "<group>"; };
		9DADA79D2B545F0700F3FB17 /* Preview Assets.xcassets */ = {isa = PBXFileReference; lastKnownFileType = folder.assetcatalog; path = "Preview Assets.xcassets"; sourceTree = "<group>"; };
		9DADA7A32B545F0700F3FB17 /* iChatTests.xctest */ = {isa = PBXFileReference; explicitFileType = wrapper.cfbundle; includeInIndex = 0; path = iChatTests.xctest; sourceTree = BUILT_PRODUCTS_DIR; };
		9DADA7A72B545F0700F3FB17 /* iChatTests.swift */ = {isa = PBXFileReference; lastKnownFileType = sourcecode.swift; path = iChatTests.swift; sourceTree = "<group>"; };
		9DADA7AD2B545F0700F3FB17 /* iChatUITests.xctest */ = {isa = PBXFileReference; explicitFileType = wrapper.cfbundle; includeInIndex = 0; path = iChatUITests.xctest; sourceTree = BUILT_PRODUCTS_DIR; };
		9DADA7B12B545F0700F3FB17 /* iChatUITests.swift */ = {isa = PBXFileReference; lastKnownFileType = sourcecode.swift; path = iChatUITests.swift; sourceTree = "<group>"; };
		9DADA7B32B545F0700F3FB17 /* iChatUITestsLaunchTests.swift */ = {isa = PBXFileReference; lastKnownFileType = sourcecode.swift; path = iChatUITestsLaunchTests.swift; sourceTree = "<group>"; };
		9DADA7C02B54634B00F3FB17 /* RegisterView.swift */ = {isa = PBXFileReference; lastKnownFileType = sourcecode.swift; path = RegisterView.swift; sourceTree = "<group>"; };
		9DADA7C22B54639100F3FB17 /* LoginView.swift */ = {isa = PBXFileReference; lastKnownFileType = sourcecode.swift; path = LoginView.swift; sourceTree = "<group>"; };
		9DADA7C42B54740700F3FB17 /* GoogleService-Info.plist */ = {isa = PBXFileReference; fileEncoding = 4; lastKnownFileType = text.plist.xml; path = "GoogleService-Info.plist"; sourceTree = "<group>"; };
		9DADA7CB2B54829100F3FB17 /* ImagePicker.swift */ = {isa = PBXFileReference; lastKnownFileType = sourcecode.swift; path = ImagePicker.swift; sourceTree = "<group>"; };
		9DB5EFF12BDCF17500B0758D /* ProfileInputView.swift */ = {isa = PBXFileReference; lastKnownFileType = sourcecode.swift; path = ProfileInputView.swift; sourceTree = "<group>"; };
		9DC06F042B54FE1400EB6352 /* FirebaseManager.swift */ = {isa = PBXFileReference; lastKnownFileType = sourcecode.swift; path = FirebaseManager.swift; sourceTree = "<group>"; };
		9DC06F072B55050500EB6352 /* MainMessageView.swift */ = {isa = PBXFileReference; lastKnownFileType = sourcecode.swift; path = MainMessageView.swift; sourceTree = "<group>"; };
		9DC06F092B55140500EB6352 /* NavBar.swift */ = {isa = PBXFileReference; lastKnownFileType = sourcecode.swift; path = NavBar.swift; sourceTree = "<group>"; };
/* End PBXFileReference section */

/* Begin PBXFrameworksBuildPhase section */
		9DADA78F2B545F0600F3FB17 /* Frameworks */ = {
			isa = PBXFrameworksBuildPhase;
			buildActionMask = 2147483647;
			files = (
				9D5BBE112BD84B0C002DBF26 /* Supabase in Frameworks */,
				9D5BBE0B2BD84719002DBF26 /* Realtime in Frameworks */,
				9DC06F0D2B552B1700EB6352 /* SDWebImageSwiftUI in Frameworks */,
				9DC06EFF2B54F65F00EB6352 /* FirebaseDatabase in Frameworks */,
				9D5BBE052BD84719002DBF26 /* Auth in Frameworks */,
				9DC06F032B54F65F00EB6352 /* FirebaseStorage in Frameworks */,
				9D5BBE092BD84719002DBF26 /* PostgREST in Frameworks */,
				9D5BBE072BD84719002DBF26 /* Functions in Frameworks */,
				9DC06EFD2B54F65F00EB6352 /* FirebaseAuth in Frameworks */,
				9D5BBE0D2BD84719002DBF26 /* Storage in Frameworks */,
				9DC06F012B54F65F00EB6352 /* FirebaseFirestore in Frameworks */,
			);
			runOnlyForDeploymentPostprocessing = 0;
		};
		9DADA7A02B545F0700F3FB17 /* Frameworks */ = {
			isa = PBXFrameworksBuildPhase;
			buildActionMask = 2147483647;
			files = (
			);
			runOnlyForDeploymentPostprocessing = 0;
		};
		9DADA7AA2B545F0700F3FB17 /* Frameworks */ = {
			isa = PBXFrameworksBuildPhase;
			buildActionMask = 2147483647;
			files = (
			);
			runOnlyForDeploymentPostprocessing = 0;
		};
/* End PBXFrameworksBuildPhase section */

/* Begin PBXGroup section */
		9D3C5EC82B55AC1600679EC2 /* Chat */ = {
			isa = PBXGroup;
			children = (
				9D3C5EC92B55AC2E00679EC2 /* ChatLogView.swift */,
				9DB5EFF12BDCF17500B0758D /* ProfileInputView.swift */,
			);
			path = Chat;
			sourceTree = "<group>";
		};
		9D3C5ECD2B55ADD000679EC2 /* Buttons */ = {
			isa = PBXGroup;
			children = (
				9DADA7CB2B54829100F3FB17 /* ImagePicker.swift */,
				9D3C5ECB2B55ADAC00679EC2 /* NewMsgButton.swift */,
			);
			path = Buttons;
			sourceTree = "<group>";
		};
		9D3C5ECE2B55AE2B00679EC2 /* Utils */ = {
			isa = PBXGroup;
			children = (
				9D3457372B570ECF003D7F16 /* ChatLogViewModel.swift */,
				9DC06F042B54FE1400EB6352 /* FirebaseManager.swift */,
				9D3C5EC62B55608900679EC2 /* ChatUser.swift */,
				9D3457392B580419003D7F16 /* RecentMessage.swift */,
				9D5BBE0E2BD848BD002DBF26 /* SupabaseManager.swift */,
			);
			path = Utils;
			sourceTree = "<group>";
		};
		9D4599222B5554DB001B9973 /* Login_Register */ = {
			isa = PBXGroup;
			children = (
				9DADA7C22B54639100F3FB17 /* LoginView.swift */,
				9DADA7C02B54634B00F3FB17 /* RegisterView.swift */,
			);
			path = Login_Register;
			sourceTree = "<group>";
		};
		9DADA7892B545F0600F3FB17 = {
			isa = PBXGroup;
			children = (
				9DADA7942B545F0600F3FB17 /* iChat */,
				9DADA7A62B545F0700F3FB17 /* iChatTests */,
				9DADA7B02B545F0700F3FB17 /* iChatUITests */,
				9DADA7932B545F0600F3FB17 /* Products */,
			);
			sourceTree = "<group>";
		};
		9DADA7932B545F0600F3FB17 /* Products */ = {
			isa = PBXGroup;
			children = (
				9DADA7922B545F0600F3FB17 /* iChat.app */,
				9DADA7A32B545F0700F3FB17 /* iChatTests.xctest */,
				9DADA7AD2B545F0700F3FB17 /* iChatUITests.xctest */,
			);
			name = Products;
			sourceTree = "<group>";
		};
		9DADA7942B545F0600F3FB17 /* iChat */ = {
			isa = PBXGroup;
			children = (
				9D3C5ECE2B55AE2B00679EC2 /* Utils */,
				9D3C5ECD2B55ADD000679EC2 /* Buttons */,
				9D4599222B5554DB001B9973 /* Login_Register */,
				9DC06F062B5504EE00EB6352 /* MainMessages */,
				9DADA7952B545F0600F3FB17 /* iChatApp.swift */,
				9DADA7972B545F0600F3FB17 /* Welcomepage.swift */,
				9DADA7992B545F0700F3FB17 /* Assets.xcassets */,
				9DADA79B2B545F0700F3FB17 /* iChat.entitlements */,
				9DADA7C42B54740700F3FB17 /* GoogleService-Info.plist */,
				9DADA79C2B545F0700F3FB17 /* Preview Content */,
			);
			path = iChat;
			sourceTree = "<group>";
		};
		9DADA79C2B545F0700F3FB17 /* Preview Content */ = {
			isa = PBXGroup;
			children = (
				9DADA79D2B545F0700F3FB17 /* Preview Assets.xcassets */,
			);
			path = "Preview Content";
			sourceTree = "<group>";
		};
		9DADA7A62B545F0700F3FB17 /* iChatTests */ = {
			isa = PBXGroup;
			children = (
				9DADA7A72B545F0700F3FB17 /* iChatTests.swift */,
			);
			path = iChatTests;
			sourceTree = "<group>";
		};
		9DADA7B02B545F0700F3FB17 /* iChatUITests */ = {
			isa = PBXGroup;
			children = (
				9DADA7B12B545F0700F3FB17 /* iChatUITests.swift */,
				9DADA7B32B545F0700F3FB17 /* iChatUITestsLaunchTests.swift */,
			);
			path = iChatUITests;
			sourceTree = "<group>";
		};
		9DC06F062B5504EE00EB6352 /* MainMessages */ = {
			isa = PBXGroup;
			children = (
				9D3C5EC42B555A8C00679EC2 /* CreateNewMsg.swift */,
				9D3C5EC82B55AC1600679EC2 /* Chat */,
				9DC06F072B55050500EB6352 /* MainMessageView.swift */,
				9DC06F092B55140500EB6352 /* NavBar.swift */,
			);
			path = MainMessages;
			sourceTree = "<group>";
		};
/* End PBXGroup section */

/* Begin PBXNativeTarget section */
		9DADA7912B545F0600F3FB17 /* iChat */ = {
			isa = PBXNativeTarget;
			buildConfigurationList = 9DADA7B72B545F0700F3FB17 /* Build configuration list for PBXNativeTarget "iChat" */;
			buildPhases = (
				9DADA78E2B545F0600F3FB17 /* Sources */,
				9DADA78F2B545F0600F3FB17 /* Frameworks */,
				9DADA7902B545F0600F3FB17 /* Resources */,
			);
			buildRules = (
			);
			dependencies = (
			);
			name = iChat;
			packageProductDependencies = (
				9DC06EFC2B54F65F00EB6352 /* FirebaseAuth */,
				9DC06EFE2B54F65F00EB6352 /* FirebaseDatabase */,
				9DC06F002B54F65F00EB6352 /* FirebaseFirestore */,
				9DC06F022B54F65F00EB6352 /* FirebaseStorage */,
				9DC06F0C2B552B1700EB6352 /* SDWebImageSwiftUI */,
				9D5BBE042BD84719002DBF26 /* Auth */,
				9D5BBE062BD84719002DBF26 /* Functions */,
				9D5BBE082BD84719002DBF26 /* PostgREST */,
				9D5BBE0A2BD84719002DBF26 /* Realtime */,
				9D5BBE0C2BD84719002DBF26 /* Storage */,
				9D5BBE102BD84B0C002DBF26 /* Supabase */,
			);
			productName = iChat;
			productReference = 9DADA7922B545F0600F3FB17 /* iChat.app */;
			productType = "com.apple.product-type.application";
		};
		9DADA7A22B545F0700F3FB17 /* iChatTests */ = {
			isa = PBXNativeTarget;
			buildConfigurationList = 9DADA7BA2B545F0700F3FB17 /* Build configuration list for PBXNativeTarget "iChatTests" */;
			buildPhases = (
				9DADA79F2B545F0700F3FB17 /* Sources */,
				9DADA7A02B545F0700F3FB17 /* Frameworks */,
				9DADA7A12B545F0700F3FB17 /* Resources */,
			);
			buildRules = (
			);
			dependencies = (
				9DADA7A52B545F0700F3FB17 /* PBXTargetDependency */,
			);
			name = iChatTests;
			productName = iChatTests;
			productReference = 9DADA7A32B545F0700F3FB17 /* iChatTests.xctest */;
			productType = "com.apple.product-type.bundle.unit-test";
		};
		9DADA7AC2B545F0700F3FB17 /* iChatUITests */ = {
			isa = PBXNativeTarget;
			buildConfigurationList = 9DADA7BD2B545F0700F3FB17 /* Build configuration list for PBXNativeTarget "iChatUITests" */;
			buildPhases = (
				9DADA7A92B545F0700F3FB17 /* Sources */,
				9DADA7AA2B545F0700F3FB17 /* Frameworks */,
				9DADA7AB2B545F0700F3FB17 /* Resources */,
			);
			buildRules = (
			);
			dependencies = (
				9DADA7AF2B545F0700F3FB17 /* PBXTargetDependency */,
			);
			name = iChatUITests;
			productName = iChatUITests;
			productReference = 9DADA7AD2B545F0700F3FB17 /* iChatUITests.xctest */;
			productType = "com.apple.product-type.bundle.ui-testing";
		};
/* End PBXNativeTarget section */

/* Begin PBXProject section */
		9DADA78A2B545F0600F3FB17 /* Project object */ = {
			isa = PBXProject;
			attributes = {
				BuildIndependentTargetsInParallel = 1;
				KnownAssetTags = (
					New,
				);
				LastSwiftUpdateCheck = 1520;
				LastUpgradeCheck = 1530;
				TargetAttributes = {
					9DADA7912B545F0600F3FB17 = {
						CreatedOnToolsVersion = 15.2;
					};
					9DADA7A22B545F0700F3FB17 = {
						CreatedOnToolsVersion = 15.2;
						TestTargetID = 9DADA7912B545F0600F3FB17;
					};
					9DADA7AC2B545F0700F3FB17 = {
						CreatedOnToolsVersion = 15.2;
						TestTargetID = 9DADA7912B545F0600F3FB17;
					};
				};
			};
			buildConfigurationList = 9DADA78D2B545F0600F3FB17 /* Build configuration list for PBXProject "iChat" */;
			compatibilityVersion = "Xcode 14.0";
			developmentRegion = en;
			hasScannedForEncodings = 0;
			knownRegions = (
				en,
				Base,
			);
			mainGroup = 9DADA7892B545F0600F3FB17;
			packageReferences = (
				9DC06EFB2B54F65F00EB6352 /* XCRemoteSwiftPackageReference "firebase-ios-sdk" */,
				9DC06F0B2B552B1700EB6352 /* XCRemoteSwiftPackageReference "SDWebImageSwiftUI" */,
				9D5BBE032BD84719002DBF26 /* XCRemoteSwiftPackageReference "supabase-swift" */,
			);
			productRefGroup = 9DADA7932B545F0600F3FB17 /* Products */;
			projectDirPath = "";
			projectRoot = "";
			targets = (
				9DADA7912B545F0600F3FB17 /* iChat */,
				9DADA7A22B545F0700F3FB17 /* iChatTests */,
				9DADA7AC2B545F0700F3FB17 /* iChatUITests */,
			);
		};
/* End PBXProject section */

/* Begin PBXResourcesBuildPhase section */
		9DADA7902B545F0600F3FB17 /* Resources */ = {
			isa = PBXResourcesBuildPhase;
			buildActionMask = 2147483647;
			files = (
				9DADA7C52B54740700F3FB17 /* GoogleService-Info.plist in Resources */,
				9DADA79E2B545F0700F3FB17 /* Preview Assets.xcassets in Resources */,
				9DADA79A2B545F0700F3FB17 /* Assets.xcassets in Resources */,
			);
			runOnlyForDeploymentPostprocessing = 0;
		};
		9DADA7A12B545F0700F3FB17 /* Resources */ = {
			isa = PBXResourcesBuildPhase;
			buildActionMask = 2147483647;
			files = (
			);
			runOnlyForDeploymentPostprocessing = 0;
		};
		9DADA7AB2B545F0700F3FB17 /* Resources */ = {
			isa = PBXResourcesBuildPhase;
			buildActionMask = 2147483647;
			files = (
			);
			runOnlyForDeploymentPostprocessing = 0;
		};
/* End PBXResourcesBuildPhase section */

/* Begin PBXSourcesBuildPhase section */
		9DADA78E2B545F0600F3FB17 /* Sources */ = {
			isa = PBXSourcesBuildPhase;
			buildActionMask = 2147483647;
			files = (
				9D5BBE0F2BD848BD002DBF26 /* SupabaseManager.swift in Sources */,
				9D34573A2B580419003D7F16 /* RecentMessage.swift in Sources */,
				9DADA7C12B54634B00F3FB17 /* RegisterView.swift in Sources */,
				9DC06F0A2B55140500EB6352 /* NavBar.swift in Sources */,
				9D3C5ECC2B55ADAC00679EC2 /* NewMsgButton.swift in Sources */,
				9D3C5ECA2B55AC2E00679EC2 /* ChatLogView.swift in Sources */,
				9D3C5EC52B555A8C00679EC2 /* CreateNewMsg.swift in Sources */,
				9DADA7982B545F0600F3FB17 /* Welcomepage.swift in Sources */,
				9D3C5EC72B55608900679EC2 /* ChatUser.swift in Sources */,
				9DC06F082B55050500EB6352 /* MainMessageView.swift in Sources */,
				9DADA7CC2B54829100F3FB17 /* ImagePicker.swift in Sources */,
				9DADA7C32B54639100F3FB17 /* LoginView.swift in Sources */,
				9D3457382B570ECF003D7F16 /* ChatLogViewModel.swift in Sources */,
				9DB5EFF22BDCF17500B0758D /* ProfileInputView.swift in Sources */,
				9DC06F052B54FE1400EB6352 /* FirebaseManager.swift in Sources */,
				9DADA7962B545F0600F3FB17 /* iChatApp.swift in Sources */,
			);
			runOnlyForDeploymentPostprocessing = 0;
		};
		9DADA79F2B545F0700F3FB17 /* Sources */ = {
			isa = PBXSourcesBuildPhase;
			buildActionMask = 2147483647;
			files = (
				9DADA7A82B545F0700F3FB17 /* iChatTests.swift in Sources */,
			);
			runOnlyForDeploymentPostprocessing = 0;
		};
		9DADA7A92B545F0700F3FB17 /* Sources */ = {
			isa = PBXSourcesBuildPhase;
			buildActionMask = 2147483647;
			files = (
				9DADA7B42B545F0700F3FB17 /* iChatUITestsLaunchTests.swift in Sources */,
				9DADA7B22B545F0700F3FB17 /* iChatUITests.swift in Sources */,
			);
			runOnlyForDeploymentPostprocessing = 0;
		};
/* End PBXSourcesBuildPhase section */

/* Begin PBXTargetDependency section */
		9DADA7A52B545F0700F3FB17 /* PBXTargetDependency */ = {
			isa = PBXTargetDependency;
			target = 9DADA7912B545F0600F3FB17 /* iChat */;
			targetProxy = 9DADA7A42B545F0700F3FB17 /* PBXContainerItemProxy */;
		};
		9DADA7AF2B545F0700F3FB17 /* PBXTargetDependency */ = {
			isa = PBXTargetDependency;
			target = 9DADA7912B545F0600F3FB17 /* iChat */;
			targetProxy = 9DADA7AE2B545F0700F3FB17 /* PBXContainerItemProxy */;
		};
/* End PBXTargetDependency section */

/* Begin XCBuildConfiguration section */
		9DADA7B52B545F0700F3FB17 /* Debug */ = {
			isa = XCBuildConfiguration;
			buildSettings = {
				ALWAYS_SEARCH_USER_PATHS = NO;
				ASSETCATALOG_COMPILER_GENERATE_SWIFT_ASSET_SYMBOL_EXTENSIONS = YES;
				CLANG_ANALYZER_NONNULL = YES;
				CLANG_ANALYZER_NUMBER_OBJECT_CONVERSION = YES_AGGRESSIVE;
				CLANG_CXX_LANGUAGE_STANDARD = "gnu++20";
				CLANG_ENABLE_MODULES = YES;
				CLANG_ENABLE_OBJC_ARC = YES;
				CLANG_ENABLE_OBJC_WEAK = YES;
				CLANG_WARN_BLOCK_CAPTURE_AUTORELEASING = YES;
				CLANG_WARN_BOOL_CONVERSION = YES;
				CLANG_WARN_COMMA = YES;
				CLANG_WARN_CONSTANT_CONVERSION = YES;
				CLANG_WARN_DEPRECATED_OBJC_IMPLEMENTATIONS = YES;
				CLANG_WARN_DIRECT_OBJC_ISA_USAGE = YES_ERROR;
				CLANG_WARN_DOCUMENTATION_COMMENTS = YES;
				CLANG_WARN_EMPTY_BODY = YES;
				CLANG_WARN_ENUM_CONVERSION = YES;
				CLANG_WARN_INFINITE_RECURSION = YES;
				CLANG_WARN_INT_CONVERSION = YES;
				CLANG_WARN_NON_LITERAL_NULL_CONVERSION = YES;
				CLANG_WARN_OBJC_IMPLICIT_RETAIN_SELF = YES;
				CLANG_WARN_OBJC_LITERAL_CONVERSION = YES;
				CLANG_WARN_OBJC_ROOT_CLASS = YES_ERROR;
				CLANG_WARN_QUOTED_INCLUDE_IN_FRAMEWORK_HEADER = YES;
				CLANG_WARN_RANGE_LOOP_ANALYSIS = YES;
				CLANG_WARN_STRICT_PROTOTYPES = YES;
				CLANG_WARN_SUSPICIOUS_MOVE = YES;
				CLANG_WARN_UNGUARDED_AVAILABILITY = YES_AGGRESSIVE;
				CLANG_WARN_UNREACHABLE_CODE = YES;
				CLANG_WARN__DUPLICATE_METHOD_MATCH = YES;
				COPY_PHASE_STRIP = NO;
				DEAD_CODE_STRIPPING = YES;
				DEBUG_INFORMATION_FORMAT = dwarf;
				ENABLE_STRICT_OBJC_MSGSEND = YES;
				ENABLE_TESTABILITY = YES;
				ENABLE_USER_SCRIPT_SANDBOXING = YES;
				GCC_C_LANGUAGE_STANDARD = gnu17;
				GCC_DYNAMIC_NO_PIC = NO;
				GCC_NO_COMMON_BLOCKS = YES;
				GCC_OPTIMIZATION_LEVEL = 0;
				GCC_PREPROCESSOR_DEFINITIONS = (
					"DEBUG=1",
					"$(inherited)",
				);
				GCC_WARN_64_TO_32_BIT_CONVERSION = YES;
				GCC_WARN_ABOUT_RETURN_TYPE = YES_ERROR;
				GCC_WARN_UNDECLARED_SELECTOR = YES;
				GCC_WARN_UNINITIALIZED_AUTOS = YES_AGGRESSIVE;
				GCC_WARN_UNUSED_FUNCTION = YES;
				GCC_WARN_UNUSED_VARIABLE = YES;
				LOCALIZATION_PREFERS_STRING_CATALOGS = YES;
				MTL_ENABLE_DEBUG_INFO = INCLUDE_SOURCE;
				MTL_FAST_MATH = YES;
				ONLY_ACTIVE_ARCH = YES;
				SWIFT_ACTIVE_COMPILATION_CONDITIONS = "DEBUG $(inherited)";
				SWIFT_OPTIMIZATION_LEVEL = "-Onone";
			};
			name = Debug;
		};
		9DADA7B62B545F0700F3FB17 /* Release */ = {
			isa = XCBuildConfiguration;
			buildSettings = {
				ALWAYS_SEARCH_USER_PATHS = NO;
				ASSETCATALOG_COMPILER_GENERATE_SWIFT_ASSET_SYMBOL_EXTENSIONS = YES;
				CLANG_ANALYZER_NONNULL = YES;
				CLANG_ANALYZER_NUMBER_OBJECT_CONVERSION = YES_AGGRESSIVE;
				CLANG_CXX_LANGUAGE_STANDARD = "gnu++20";
				CLANG_ENABLE_MODULES = YES;
				CLANG_ENABLE_OBJC_ARC = YES;
				CLANG_ENABLE_OBJC_WEAK = YES;
				CLANG_WARN_BLOCK_CAPTURE_AUTORELEASING = YES;
				CLANG_WARN_BOOL_CONVERSION = YES;
				CLANG_WARN_COMMA = YES;
				CLANG_WARN_CONSTANT_CONVERSION = YES;
				CLANG_WARN_DEPRECATED_OBJC_IMPLEMENTATIONS = YES;
				CLANG_WARN_DIRECT_OBJC_ISA_USAGE = YES_ERROR;
				CLANG_WARN_DOCUMENTATION_COMMENTS = YES;
				CLANG_WARN_EMPTY_BODY = YES;
				CLANG_WARN_ENUM_CONVERSION = YES;
				CLANG_WARN_INFINITE_RECURSION = YES;
				CLANG_WARN_INT_CONVERSION = YES;
				CLANG_WARN_NON_LITERAL_NULL_CONVERSION = YES;
				CLANG_WARN_OBJC_IMPLICIT_RETAIN_SELF = YES;
				CLANG_WARN_OBJC_LITERAL_CONVERSION = YES;
				CLANG_WARN_OBJC_ROOT_CLASS = YES_ERROR;
				CLANG_WARN_QUOTED_INCLUDE_IN_FRAMEWORK_HEADER = YES;
				CLANG_WARN_RANGE_LOOP_ANALYSIS = YES;
				CLANG_WARN_STRICT_PROTOTYPES = YES;
				CLANG_WARN_SUSPICIOUS_MOVE = YES;
				CLANG_WARN_UNGUARDED_AVAILABILITY = YES_AGGRESSIVE;
				CLANG_WARN_UNREACHABLE_CODE = YES;
				CLANG_WARN__DUPLICATE_METHOD_MATCH = YES;
				COPY_PHASE_STRIP = NO;
				DEAD_CODE_STRIPPING = YES;
				DEBUG_INFORMATION_FORMAT = "dwarf-with-dsym";
				ENABLE_NS_ASSERTIONS = NO;
				ENABLE_STRICT_OBJC_MSGSEND = YES;
				ENABLE_USER_SCRIPT_SANDBOXING = YES;
				GCC_C_LANGUAGE_STANDARD = gnu17;
				GCC_NO_COMMON_BLOCKS = YES;
				GCC_WARN_64_TO_32_BIT_CONVERSION = YES;
				GCC_WARN_ABOUT_RETURN_TYPE = YES_ERROR;
				GCC_WARN_UNDECLARED_SELECTOR = YES;
				GCC_WARN_UNINITIALIZED_AUTOS = YES_AGGRESSIVE;
				GCC_WARN_UNUSED_FUNCTION = YES;
				GCC_WARN_UNUSED_VARIABLE = YES;
				LOCALIZATION_PREFERS_STRING_CATALOGS = YES;
				MTL_ENABLE_DEBUG_INFO = NO;
				MTL_FAST_MATH = YES;
				SWIFT_COMPILATION_MODE = wholemodule;
			};
			name = Release;
		};
		9DADA7B82B545F0700F3FB17 /* Debug */ = {
			isa = XCBuildConfiguration;
			buildSettings = {
				ASSETCATALOG_COMPILER_APPICON_NAME = AppIcon;
				ASSETCATALOG_COMPILER_GLOBAL_ACCENT_COLOR_NAME = AccentColor;
				ASSETCATALOG_COMPILER_INCLUDE_ALL_APPICON_ASSETS = YES;
				CODE_SIGN_ENTITLEMENTS = iChat/iChat.entitlements;
				CODE_SIGN_STYLE = Automatic;
				CURRENT_PROJECT_VERSION = 1;
				DEAD_CODE_STRIPPING = YES;
				DEVELOPMENT_ASSET_PATHS = "\"iChat/Preview Content\"";
				DEVELOPMENT_TEAM = G2TY2Q3KD8;
				ENABLE_HARDENED_RUNTIME = YES;
				ENABLE_PREVIEWS = YES;
				GENERATE_INFOPLIST_FILE = YES;
				INFOPLIST_KEY_CFBundleDisplayName = "Chatter 2.0";
				INFOPLIST_KEY_LSApplicationCategoryType = "public.app-category.social-networking";
				"INFOPLIST_KEY_UIApplicationSceneManifest_Generation[sdk=iphoneos*]" = YES;
				"INFOPLIST_KEY_UIApplicationSceneManifest_Generation[sdk=iphonesimulator*]" = YES;
				"INFOPLIST_KEY_UIApplicationSupportsIndirectInputEvents[sdk=iphoneos*]" = YES;
				"INFOPLIST_KEY_UIApplicationSupportsIndirectInputEvents[sdk=iphonesimulator*]" = YES;
				"INFOPLIST_KEY_UILaunchScreen_Generation[sdk=iphoneos*]" = YES;
				"INFOPLIST_KEY_UILaunchScreen_Generation[sdk=iphonesimulator*]" = YES;
				"INFOPLIST_KEY_UIStatusBarStyle[sdk=iphoneos*]" = UIStatusBarStyleDefault;
				"INFOPLIST_KEY_UIStatusBarStyle[sdk=iphonesimulator*]" = UIStatusBarStyleDefault;
				INFOPLIST_KEY_UISupportedInterfaceOrientations_iPad = "UIInterfaceOrientationPortrait UIInterfaceOrientationPortraitUpsideDown UIInterfaceOrientationLandscapeLeft UIInterfaceOrientationLandscapeRight";
				INFOPLIST_KEY_UISupportedInterfaceOrientations_iPhone = "UIInterfaceOrientationPortrait UIInterfaceOrientationLandscapeLeft UIInterfaceOrientationLandscapeRight";
				IPHONEOS_DEPLOYMENT_TARGET = 17.2;
				LD_RUNPATH_SEARCH_PATHS = "@executable_path/Frameworks";
				"LD_RUNPATH_SEARCH_PATHS[sdk=macosx*]" = "@executable_path/../Frameworks";
				MACOSX_DEPLOYMENT_TARGET = 14.2;
				MARKETING_VERSION = 1.0;
				PRODUCT_BUNDLE_IDENTIFIER = in.djdiptayan.iChat;
				PRODUCT_NAME = "$(TARGET_NAME)";
				SDKROOT = auto;
				SUPPORTED_PLATFORMS = "iphoneos iphonesimulator macosx";
				SWIFT_EMIT_LOC_STRINGS = YES;
				SWIFT_VERSION = 5.0;
				TARGETED_DEVICE_FAMILY = "1,2";
			};
			name = Debug;
		};
		9DADA7B92B545F0700F3FB17 /* Release */ = {
			isa = XCBuildConfiguration;
			buildSettings = {
				ASSETCATALOG_COMPILER_APPICON_NAME = AppIcon;
				ASSETCATALOG_COMPILER_GLOBAL_ACCENT_COLOR_NAME = AccentColor;
				ASSETCATALOG_COMPILER_INCLUDE_ALL_APPICON_ASSETS = YES;
				CODE_SIGN_ENTITLEMENTS = iChat/iChat.entitlements;
				CODE_SIGN_STYLE = Automatic;
				CURRENT_PROJECT_VERSION = 1;
				DEAD_CODE_STRIPPING = YES;
				DEVELOPMENT_ASSET_PATHS = "\"iChat/Preview Content\"";
				DEVELOPMENT_TEAM = G2TY2Q3KD8;
				ENABLE_HARDENED_RUNTIME = YES;
				ENABLE_PREVIEWS = YES;
				GENERATE_INFOPLIST_FILE = YES;
				INFOPLIST_KEY_CFBundleDisplayName = "Chatter 2.0";
				INFOPLIST_KEY_LSApplicationCategoryType = "public.app-category.social-networking";
				"INFOPLIST_KEY_UIApplicationSceneManifest_Generation[sdk=iphoneos*]" = YES;
				"INFOPLIST_KEY_UIApplicationSceneManifest_Generation[sdk=iphonesimulator*]" = YES;
				"INFOPLIST_KEY_UIApplicationSupportsIndirectInputEvents[sdk=iphoneos*]" = YES;
				"INFOPLIST_KEY_UIApplicationSupportsIndirectInputEvents[sdk=iphonesimulator*]" = YES;
				"INFOPLIST_KEY_UILaunchScreen_Generation[sdk=iphoneos*]" = YES;
				"INFOPLIST_KEY_UILaunchScreen_Generation[sdk=iphonesimulator*]" = YES;
				"INFOPLIST_KEY_UIStatusBarStyle[sdk=iphoneos*]" = UIStatusBarStyleDefault;
				"INFOPLIST_KEY_UIStatusBarStyle[sdk=iphonesimulator*]" = UIStatusBarStyleDefault;
				INFOPLIST_KEY_UISupportedInterfaceOrientations_iPad = "UIInterfaceOrientationPortrait UIInterfaceOrientationPortraitUpsideDown UIInterfaceOrientationLandscapeLeft UIInterfaceOrientationLandscapeRight";
				INFOPLIST_KEY_UISupportedInterfaceOrientations_iPhone = "UIInterfaceOrientationPortrait UIInterfaceOrientationLandscapeLeft UIInterfaceOrientationLandscapeRight";
				IPHONEOS_DEPLOYMENT_TARGET = 17.2;
				LD_RUNPATH_SEARCH_PATHS = "@executable_path/Frameworks";
				"LD_RUNPATH_SEARCH_PATHS[sdk=macosx*]" = "@executable_path/../Frameworks";
				MACOSX_DEPLOYMENT_TARGET = 14.2;
				MARKETING_VERSION = 1.0;
				PRODUCT_BUNDLE_IDENTIFIER = in.djdiptayan.iChat;
				PRODUCT_NAME = "$(TARGET_NAME)";
				SDKROOT = auto;
				SUPPORTED_PLATFORMS = "iphoneos iphonesimulator macosx";
				SWIFT_EMIT_LOC_STRINGS = YES;
				SWIFT_VERSION = 5.0;
				TARGETED_DEVICE_FAMILY = "1,2";
			};
			name = Release;
		};
		9DADA7BB2B545F0700F3FB17 /* Debug */ = {
			isa = XCBuildConfiguration;
			buildSettings = {
				ALWAYS_EMBED_SWIFT_STANDARD_LIBRARIES = YES;
				BUNDLE_LOADER = "$(TEST_HOST)";
				CODE_SIGN_STYLE = Automatic;
				CURRENT_PROJECT_VERSION = 1;
				DEAD_CODE_STRIPPING = YES;
				DEVELOPMENT_TEAM = G2TY2Q3KD8;
				GENERATE_INFOPLIST_FILE = YES;
				IPHONEOS_DEPLOYMENT_TARGET = 17.2;
				MACOSX_DEPLOYMENT_TARGET = 14.2;
				MARKETING_VERSION = 1.0;
				PRODUCT_BUNDLE_IDENTIFIER = in.djdiptayan.iChatTests;
				PRODUCT_NAME = "$(TARGET_NAME)";
				SDKROOT = auto;
				SUPPORTED_PLATFORMS = "iphoneos iphonesimulator macosx";
				SWIFT_EMIT_LOC_STRINGS = NO;
				SWIFT_VERSION = 5.0;
				TARGETED_DEVICE_FAMILY = "1,2";
				TEST_HOST = "$(BUILT_PRODUCTS_DIR)/iChat.app/$(BUNDLE_EXECUTABLE_FOLDER_PATH)/iChat";
			};
			name = Debug;
		};
		9DADA7BC2B545F0700F3FB17 /* Release */ = {
			isa = XCBuildConfiguration;
			buildSettings = {
				ALWAYS_EMBED_SWIFT_STANDARD_LIBRARIES = YES;
				BUNDLE_LOADER = "$(TEST_HOST)";
				CODE_SIGN_STYLE = Automatic;
				CURRENT_PROJECT_VERSION = 1;
				DEAD_CODE_STRIPPING = YES;
				DEVELOPMENT_TEAM = G2TY2Q3KD8;
				GENERATE_INFOPLIST_FILE = YES;
				IPHONEOS_DEPLOYMENT_TARGET = 17.2;
				MACOSX_DEPLOYMENT_TARGET = 14.2;
				MARKETING_VERSION = 1.0;
				PRODUCT_BUNDLE_IDENTIFIER = in.djdiptayan.iChatTests;
				PRODUCT_NAME = "$(TARGET_NAME)";
				SDKROOT = auto;
				SUPPORTED_PLATFORMS = "iphoneos iphonesimulator macosx";
				SWIFT_EMIT_LOC_STRINGS = NO;
				SWIFT_VERSION = 5.0;
				TARGETED_DEVICE_FAMILY = "1,2";
				TEST_HOST = "$(BUILT_PRODUCTS_DIR)/iChat.app/$(BUNDLE_EXECUTABLE_FOLDER_PATH)/iChat";
			};
			name = Release;
		};
		9DADA7BE2B545F0700F3FB17 /* Debug */ = {
			isa = XCBuildConfiguration;
			buildSettings = {
				ALWAYS_EMBED_SWIFT_STANDARD_LIBRARIES = YES;
				CODE_SIGN_STYLE = Automatic;
				CURRENT_PROJECT_VERSION = 1;
				DEAD_CODE_STRIPPING = YES;
				DEVELOPMENT_TEAM = G2TY2Q3KD8;
				GENERATE_INFOPLIST_FILE = YES;
				IPHONEOS_DEPLOYMENT_TARGET = 17.2;
				MACOSX_DEPLOYMENT_TARGET = 14.2;
				MARKETING_VERSION = 1.0;
				PRODUCT_BUNDLE_IDENTIFIER = in.djdiptayan.iChatUITests;
				PRODUCT_NAME = "$(TARGET_NAME)";
				SDKROOT = auto;
				SUPPORTED_PLATFORMS = "iphoneos iphonesimulator macosx";
				SWIFT_EMIT_LOC_STRINGS = NO;
				SWIFT_VERSION = 5.0;
				TARGETED_DEVICE_FAMILY = "1,2";
				TEST_TARGET_NAME = iChat;
			};
			name = Debug;
		};
		9DADA7BF2B545F0700F3FB17 /* Release */ = {
			isa = XCBuildConfiguration;
			buildSettings = {
				ALWAYS_EMBED_SWIFT_STANDARD_LIBRARIES = YES;
				CODE_SIGN_STYLE = Automatic;
				CURRENT_PROJECT_VERSION = 1;
				DEAD_CODE_STRIPPING = YES;
				DEVELOPMENT_TEAM = G2TY2Q3KD8;
				GENERATE_INFOPLIST_FILE = YES;
				IPHONEOS_DEPLOYMENT_TARGET = 17.2;
				MACOSX_DEPLOYMENT_TARGET = 14.2;
				MARKETING_VERSION = 1.0;
				PRODUCT_BUNDLE_IDENTIFIER = in.djdiptayan.iChatUITests;
				PRODUCT_NAME = "$(TARGET_NAME)";
				SDKROOT = auto;
				SUPPORTED_PLATFORMS = "iphoneos iphonesimulator macosx";
				SWIFT_EMIT_LOC_STRINGS = NO;
				SWIFT_VERSION = 5.0;
				TARGETED_DEVICE_FAMILY = "1,2";
				TEST_TARGET_NAME = iChat;
			};
			name = Release;
		};
/* End XCBuildConfiguration section */

/* Begin XCConfigurationList section */
		9DADA78D2B545F0600F3FB17 /* Build configuration list for PBXProject "iChat" */ = {
			isa = XCConfigurationList;
			buildConfigurations = (
				9DADA7B52B545F0700F3FB17 /* Debug */,
				9DADA7B62B545F0700F3FB17 /* Release */,
			);
			defaultConfigurationIsVisible = 0;
			defaultConfigurationName = Release;
		};
		9DADA7B72B545F0700F3FB17 /* Build configuration list for PBXNativeTarget "iChat" */ = {
			isa = XCConfigurationList;
			buildConfigurations = (
				9DADA7B82B545F0700F3FB17 /* Debug */,
				9DADA7B92B545F0700F3FB17 /* Release */,
			);
			defaultConfigurationIsVisible = 0;
			defaultConfigurationName = Release;
		};
		9DADA7BA2B545F0700F3FB17 /* Build configuration list for PBXNativeTarget "iChatTests" */ = {
			isa = XCConfigurationList;
			buildConfigurations = (
				9DADA7BB2B545F0700F3FB17 /* Debug */,
				9DADA7BC2B545F0700F3FB17 /* Release */,
			);
			defaultConfigurationIsVisible = 0;
			defaultConfigurationName = Release;
		};
		9DADA7BD2B545F0700F3FB17 /* Build configuration list for PBXNativeTarget "iChatUITests" */ = {
			isa = XCConfigurationList;
			buildConfigurations = (
				9DADA7BE2B545F0700F3FB17 /* Debug */,
				9DADA7BF2B545F0700F3FB17 /* Release */,
			);
			defaultConfigurationIsVisible = 0;
			defaultConfigurationName = Release;
		};
/* End XCConfigurationList section */

/* Begin XCRemoteSwiftPackageReference section */
		9D5BBE032BD84719002DBF26 /* XCRemoteSwiftPackageReference "supabase-swift" */ = {
			isa = XCRemoteSwiftPackageReference;
			repositoryURL = "https://github.com/supabase/supabase-swift.git";
			requirement = {
				kind = upToNextMajorVersion;
				minimumVersion = 2.5.1;
			};
		};
		9DC06EFB2B54F65F00EB6352 /* XCRemoteSwiftPackageReference "firebase-ios-sdk" */ = {
			isa = XCRemoteSwiftPackageReference;
			repositoryURL = "https://github.com/firebase/firebase-ios-sdk";
			requirement = {
				kind = upToNextMajorVersion;
				minimumVersion = 10.19.1;
			};
		};
		9DC06F0B2B552B1700EB6352 /* XCRemoteSwiftPackageReference "SDWebImageSwiftUI" */ = {
			isa = XCRemoteSwiftPackageReference;
			repositoryURL = "https://github.com/SDWebImage/SDWebImageSwiftUI?tab=readme-ov-file";
			requirement = {
				kind = upToNextMajorVersion;
				minimumVersion = 2.2.6;
			};
		};
/* End XCRemoteSwiftPackageReference section */

/* Begin XCSwiftPackageProductDependency section */
		9D5BBE042BD84719002DBF26 /* Auth */ = {
			isa = XCSwiftPackageProductDependency;
			package = 9D5BBE032BD84719002DBF26 /* XCRemoteSwiftPackageReference "supabase-swift" */;
			productName = Auth;
		};
		9D5BBE062BD84719002DBF26 /* Functions */ = {
			isa = XCSwiftPackageProductDependency;
			package = 9D5BBE032BD84719002DBF26 /* XCRemoteSwiftPackageReference "supabase-swift" */;
			productName = Functions;
		};
		9D5BBE082BD84719002DBF26 /* PostgREST */ = {
			isa = XCSwiftPackageProductDependency;
			package = 9D5BBE032BD84719002DBF26 /* XCRemoteSwiftPackageReference "supabase-swift" */;
			productName = PostgREST;
		};
		9D5BBE0A2BD84719002DBF26 /* Realtime */ = {
			isa = XCSwiftPackageProductDependency;
			package = 9D5BBE032BD84719002DBF26 /* XCRemoteSwiftPackageReference "supabase-swift" */;
			productName = Realtime;
		};
		9D5BBE0C2BD84719002DBF26 /* Storage */ = {
			isa = XCSwiftPackageProductDependency;
			package = 9D5BBE032BD84719002DBF26 /* XCRemoteSwiftPackageReference "supabase-swift" */;
			productName = Storage;
		};
		9D5BBE102BD84B0C002DBF26 /* Supabase */ = {
			isa = XCSwiftPackageProductDependency;
			package = 9D5BBE032BD84719002DBF26 /* XCRemoteSwiftPackageReference "supabase-swift" */;
			productName = Supabase;
		};
		9DC06EFC2B54F65F00EB6352 /* FirebaseAuth */ = {
			isa = XCSwiftPackageProductDependency;
			package = 9DC06EFB2B54F65F00EB6352 /* XCRemoteSwiftPackageReference "firebase-ios-sdk" */;
			productName = FirebaseAuth;
		};
		9DC06EFE2B54F65F00EB6352 /* FirebaseDatabase */ = {
			isa = XCSwiftPackageProductDependency;
			package = 9DC06EFB2B54F65F00EB6352 /* XCRemoteSwiftPackageReference "firebase-ios-sdk" */;
			productName = FirebaseDatabase;
		};
		9DC06F002B54F65F00EB6352 /* FirebaseFirestore */ = {
			isa = XCSwiftPackageProductDependency;
			package = 9DC06EFB2B54F65F00EB6352 /* XCRemoteSwiftPackageReference "firebase-ios-sdk" */;
			productName = FirebaseFirestore;
		};
		9DC06F022B54F65F00EB6352 /* FirebaseStorage */ = {
			isa = XCSwiftPackageProductDependency;
			package = 9DC06EFB2B54F65F00EB6352 /* XCRemoteSwiftPackageReference "firebase-ios-sdk" */;
			productName = FirebaseStorage;
		};
		9DC06F0C2B552B1700EB6352 /* SDWebImageSwiftUI */ = {
			isa = XCSwiftPackageProductDependency;
			package = 9DC06F0B2B552B1700EB6352 /* XCRemoteSwiftPackageReference "SDWebImageSwiftUI" */;
			productName = SDWebImageSwiftUI;
		};
/* End XCSwiftPackageProductDependency section */
	};
	rootObject = 9DADA78A2B545F0600F3FB17 /* Project object */;
}
